
Microsoft Visual Studio Solution File, Format Version 12.00
# Visual Studio Version 17
VisualStudioVersion = 17.9.34714.143
MinimumVisualStudioVersion = 10.0.40219.1
Project("{9A19103F-16F7-4668-BE54-9A1E7A4F7556}") = "ATM.Domain", "ATMApplication.Domain\ATM.Domain.csproj", "{C04645C4-E2AB-4F57-B59E-AA9ACC49B382}"
EndProject
Project("{9A19103F-16F7-4668-BE54-9A1E7A4F7556}") = "ATM.Application", "ATMApplication.Application\ATM.Application.csproj", "{C3FAD8FB-B58B-48CD-AF90-A554232DF078}"
EndProject
Project("{9A19103F-16F7-4668-BE54-9A1E7A4F7556}") = "ATM.Infrastracture", "ATMApplication.Infrastracture\ATM.Infrastracture.csproj", "{39B924C3-28B6-4D94-AF43-CCF5F679E823}"
EndProject
Project("{9A19103F-16F7-4668-BE54-9A1E7A4F7556}") = "ATM.API", "WebApplication1\ATM.API.csproj", "{299E4020-CFA3-4675-BFED-7C063FA6AE9F}"
EndProject
Project("{FAE04EC0-301F-11D3-BF4B-00C04F79EFBC}") = "ATM.Web", "ATM.Web\ATM.Web.csproj", "{81222AFB-D62F-49FC-B8CF-1FDFE3C83172}"
EndProject
Global
	GlobalSection(SolutionConfigurationPlatforms) = preSolution
		Debug|Any CPU = Debug|Any CPU
		Release|Any CPU = Release|Any CPU
	EndGlobalSection
	GlobalSection(ProjectConfigurationPlatforms) = postSolution
		{C04645C4-E2AB-4F57-B59E-AA9ACC49B382}.Debug|Any CPU.ActiveCfg = Debug|Any CPU
		{C04645C4-E2AB-4F57-B59E-AA9ACC49B382}.Debug|Any CPU.Build.0 = Debug|Any CPU
		{C04645C4-E2AB-4F57-B59E-AA9ACC49B382}.Release|Any CPU.ActiveCfg = Release|Any CPU
		{C04645C4-E2AB-4F57-B59E-AA9ACC49B382}.Release|Any CPU.Build.0 = Release|Any CPU
		{C3FAD8FB-B58B-48CD-AF90-A554232DF078}.Debug|Any CPU.ActiveCfg = Debug|Any CPU
		{C3FAD8FB-B58B-48CD-AF90-A554232DF078}.Debug|Any CPU.Build.0 = Debug|Any CPU
		{C3FAD8FB-B58B-48CD-AF90-A554232DF078}.Release|Any CPU.ActiveCfg = Release|Any CPU
		{C3FAD8FB-B58B-48CD-AF90-A554232DF078}.Release|Any CPU.Build.0 = Release|Any CPU
		{39B924C3-28B6-4D94-AF43-CCF5F679E823}.Debug|Any CPU.ActiveCfg = Debug|Any CPU
		{39B924C3-28B6-4D94-AF43-CCF5F679E823}.Debug|Any CPU.Build.0 = Debug|Any CPU
		{39B924C3-28B6-4D94-AF43-CCF5F679E823}.Release|Any CPU.ActiveCfg = Release|Any CPU
		{39B924C3-28B6-4D94-AF43-CCF5F679E823}.Release|Any CPU.Build.0 = Release|Any CPU
		{299E4020-CFA3-4675-BFED-7C063FA6AE9F}.Debug|Any CPU.ActiveCfg = Debug|Any CPU
		{299E4020-CFA3-4675-BFED-7C063FA6AE9F}.Debug|Any CPU.Build.0 = Debug|Any CPU
		{299E4020-CFA3-4675-BFED-7C063FA6AE9F}.Release|Any CPU.ActiveCfg = Release|Any CPU
		{299E4020-CFA3-4675-BFED-7C063FA6AE9F}.Release|Any CPU.Build.0 = Release|Any CPU
		{81222AFB-D62F-49FC-B8CF-1FDFE3C83172}.Debug|Any CPU.ActiveCfg = Debug|Any CPU
		{81222AFB-D62F-49FC-B8CF-1FDFE3C83172}.Debug|Any CPU.Build.0 = Debug|Any CPU
		{81222AFB-D62F-49FC-B8CF-1FDFE3C83172}.Release|Any CPU.ActiveCfg = Release|Any CPU
		{81222AFB-D62F-49FC-B8CF-1FDFE3C83172}.Release|Any CPU.Build.0 = Release|Any CPU
	EndGlobalSection
	GlobalSection(SolutionProperties) = preSolution
		HideSolutionNode = FALSE
	EndGlobalSection
	GlobalSection(ExtensibilityGlobals) = postSolution
		SolutionGuid = {2FA0EBD8-31C7-4E6E-A8A0-AC5461D5F41B}
	EndGlobalSection
EndGlobal
